{
  "name": "@jgsheppa/llm-as-judge-mcp-server",
  "version": "0.5.1",
  "lockfileVersion": 3,
  "requires": true,
  "packages": {
    "": {
      "name": "@jgsheppa/llm-as-judge-mcp-server",
      "version": "0.5.1",
      "license": "MIT",
      "bin": {
        "llm-as-judge-mcp-server": "bin/llm-as-judge-mcp-server stdio"
      }
    }
  }
}
